
Microsoft Visual Studio Solution File, Format Version 12.00
# Visual Studio Version 16
VisualStudioVersion = 16.0.29123.88
MinimumVisualStudioVersion = 10.0.40219.1
Project("{9A19103F-16F7-4668-BE54-9A1E7A4F7556}") = "Keras.UnitTest", "Keras.UnitTest\Keras.UnitTest.csproj", "{0B402B43-29A2-4564-BC20-20BBBE7C2C51}"
EndProject
Project("{2150E333-8FDC-42A3-9474-1A3956D46DE8}") = "Examples", "Examples", "{96B07D94-46E0-4A1C-9484-E842B47FFE04}"
EndProject
Project("{9A19103F-16F7-4668-BE54-9A1E7A4F7556}") = "BasicSamples", "Examples\BasicSamples\BasicSamples.csproj", "{A0786763-88EC-41DB-9E4F-6DDACA1A1162}"
EndProject
Project("{9A19103F-16F7-4668-BE54-9A1E7A4F7556}") = "doc-gen", "doc-gen\doc-gen.csproj", "{EF31BB8C-9D10-496C-AF91-3E6C3641F469}"
EndProject
Project("{9A19103F-16F7-4668-BE54-9A1E7A4F7556}") = "ImageExamples", "Examples\ImageExamples\ImageExamples.csproj", "{EC18ED5C-A9EC-414F-948C-DD1BC052D312}"
EndProject
Project("{9A19103F-16F7-4668-BE54-9A1E7A4F7556}") = "Keras.Playground", "Examples\Keras.Playground\Keras.Playground.csproj", "{FE785E8B-0DA8-4E42-8A8A-E5B2C4FCC2E4}"
EndProject
Project("{9A19103F-16F7-4668-BE54-9A1E7A4F7556}") = "TextExamples", "Examples\TextExamples\TextExamples.csproj", "{7F906C3D-4C18-4185-8235-4908FC082398}"
EndProject
Project("{9A19103F-16F7-4668-BE54-9A1E7A4F7556}") = "Keras", "Keras\Keras.csproj", "{BA3012C1-D49A-4520-A7FB-D033DA9E63ED}"
EndProject
Project("{FAE04EC0-301F-11D3-BF4B-00C04F79EFBC}") = "ReleaseBot", "ReleaseBot\ReleaseBot.csproj", "{2BAEA60C-88A2-45DC-8044-2C9571E1B8CF}"
EndProject
Project("{FAE04EC0-301F-11D3-BF4B-00C04F79EFBC}") = "KerasExampleWinApp", "Examples\KerasExampleWinApp\KerasExampleWinApp.csproj", "{0C0B0830-4871-4979-8675-93F980F5EBE2}"
EndProject
Global
	GlobalSection(SolutionConfigurationPlatforms) = preSolution
		Debug|Any CPU = Debug|Any CPU
		Debug|x64 = Debug|x64
		Py2.7_Mono|Any CPU = Py2.7_Mono|Any CPU
		Py2.7_Mono|x64 = Py2.7_Mono|x64
		Py2.7_OSX|Any CPU = Py2.7_OSX|Any CPU
		Py2.7_OSX|x64 = Py2.7_OSX|x64
		Py2.7_WIN|Any CPU = Py2.7_WIN|Any CPU
		Py2.7_WIN|x64 = Py2.7_WIN|x64
		Py3.6_Mono|Any CPU = Py3.6_Mono|Any CPU
		Py3.6_Mono|x64 = Py3.6_Mono|x64
		Py3.6_OSX|Any CPU = Py3.6_OSX|Any CPU
		Py3.6_OSX|x64 = Py3.6_OSX|x64
		Py3.6_WIN|Any CPU = Py3.6_WIN|Any CPU
		Py3.6_WIN|x64 = Py3.6_WIN|x64
		Release|Any CPU = Release|Any CPU
		Release|x64 = Release|x64
	EndGlobalSection
	GlobalSection(ProjectConfigurationPlatforms) = postSolution
		{0B402B43-29A2-4564-BC20-20BBBE7C2C51}.Debug|Any CPU.ActiveCfg = Debug|Any CPU
		{0B402B43-29A2-4564-BC20-20BBBE7C2C51}.Debug|Any CPU.Build.0 = Debug|Any CPU
		{0B402B43-29A2-4564-BC20-20BBBE7C2C51}.Debug|x64.ActiveCfg = Debug|x64
		{0B402B43-29A2-4564-BC20-20BBBE7C2C51}.Debug|x64.Build.0 = Debug|x64
		{0B402B43-29A2-4564-BC20-20BBBE7C2C51}.Py2.7_Mono|Any CPU.ActiveCfg = Py2.7_Mono|Any CPU
		{0B402B43-29A2-4564-BC20-20BBBE7C2C51}.Py2.7_Mono|Any CPU.Build.0 = Py2.7_Mono|Any CPU
		{0B402B43-29A2-4564-BC20-20BBBE7C2C51}.Py2.7_Mono|x64.ActiveCfg = Py2.7_Mono|Any CPU
		{0B402B43-29A2-4564-BC20-20BBBE7C2C51}.Py2.7_Mono|x64.Build.0 = Py2.7_Mono|Any CPU
		{0B402B43-29A2-4564-BC20-20BBBE7C2C51}.Py2.7_OSX|Any CPU.ActiveCfg = Py2.7_OSX|Any CPU
		{0B402B43-29A2-4564-BC20-20BBBE7C2C51}.Py2.7_OSX|Any CPU.Build.0 = Py2.7_OSX|Any CPU
		{0B402B43-29A2-4564-BC20-20BBBE7C2C51}.Py2.7_OSX|x64.ActiveCfg = Py2.7_OSX|Any CPU
		{0B402B43-29A2-4564-BC20-20BBBE7C2C51}.Py2.7_OSX|x64.Build.0 = Py2.7_OSX|Any CPU
		{0B402B43-29A2-4564-BC20-20BBBE7C2C51}.Py2.7_WIN|Any CPU.ActiveCfg = Py2.7_WIN|Any CPU
		{0B402B43-29A2-4564-BC20-20BBBE7C2C51}.Py2.7_WIN|Any CPU.Build.0 = Py2.7_WIN|Any CPU
		{0B402B43-29A2-4564-BC20-20BBBE7C2C51}.Py2.7_WIN|x64.ActiveCfg = Py2.7_WIN|Any CPU
		{0B402B43-29A2-4564-BC20-20BBBE7C2C51}.Py2.7_WIN|x64.Build.0 = Py2.7_WIN|Any CPU
		{0B402B43-29A2-4564-BC20-20BBBE7C2C51}.Py3.6_Mono|Any CPU.ActiveCfg = Py3.6_Mono|Any CPU
		{0B402B43-29A2-4564-BC20-20BBBE7C2C51}.Py3.6_Mono|Any CPU.Build.0 = Py3.6_Mono|Any CPU
		{0B402B43-29A2-4564-BC20-20BBBE7C2C51}.Py3.6_Mono|x64.ActiveCfg = Py3.6_Mono|Any CPU
		{0B402B43-29A2-4564-BC20-20BBBE7C2C51}.Py3.6_Mono|x64.Build.0 = Py3.6_Mono|Any CPU
		{0B402B43-29A2-4564-BC20-20BBBE7C2C51}.Py3.6_OSX|Any CPU.ActiveCfg = Py3.6_OSX|Any CPU
		{0B402B43-29A2-4564-BC20-20BBBE7C2C51}.Py3.6_OSX|Any CPU.Build.0 = Py3.6_OSX|Any CPU
		{0B402B43-29A2-4564-BC20-20BBBE7C2C51}.Py3.6_OSX|x64.ActiveCfg = Py3.6_OSX|Any CPU
		{0B402B43-29A2-4564-BC20-20BBBE7C2C51}.Py3.6_OSX|x64.Build.0 = Py3.6_OSX|Any CPU
		{0B402B43-29A2-4564-BC20-20BBBE7C2C51}.Py3.6_WIN|Any CPU.ActiveCfg = Py3.6_WIN|Any CPU
		{0B402B43-29A2-4564-BC20-20BBBE7C2C51}.Py3.6_WIN|Any CPU.Build.0 = Py3.6_WIN|Any CPU
		{0B402B43-29A2-4564-BC20-20BBBE7C2C51}.Py3.6_WIN|x64.ActiveCfg = Py3.6_WIN|Any CPU
		{0B402B43-29A2-4564-BC20-20BBBE7C2C51}.Py3.6_WIN|x64.Build.0 = Py3.6_WIN|Any CPU
		{0B402B43-29A2-4564-BC20-20BBBE7C2C51}.Release|Any CPU.ActiveCfg = Release|Any CPU
		{0B402B43-29A2-4564-BC20-20BBBE7C2C51}.Release|Any CPU.Build.0 = Release|Any CPU
		{0B402B43-29A2-4564-BC20-20BBBE7C2C51}.Release|x64.ActiveCfg = Release|Any CPU
		{0B402B43-29A2-4564-BC20-20BBBE7C2C51}.Release|x64.Build.0 = Release|Any CPU
		{A0786763-88EC-41DB-9E4F-6DDACA1A1162}.Debug|Any CPU.ActiveCfg = Debug|Any CPU
		{A0786763-88EC-41DB-9E4F-6DDACA1A1162}.Debug|Any CPU.Build.0 = Debug|Any CPU
		{A0786763-88EC-41DB-9E4F-6DDACA1A1162}.Debug|x64.ActiveCfg = Debug|x64
		{A0786763-88EC-41DB-9E4F-6DDACA1A1162}.Debug|x64.Build.0 = Debug|x64
		{A0786763-88EC-41DB-9E4F-6DDACA1A1162}.Py2.7_Mono|Any CPU.ActiveCfg = Py2.7_Mono|Any CPU
		{A0786763-88EC-41DB-9E4F-6DDACA1A1162}.Py2.7_Mono|Any CPU.Build.0 = Py2.7_Mono|Any CPU
		{A0786763-88EC-41DB-9E4F-6DDACA1A1162}.Py2.7_Mono|x64.ActiveCfg = Py2.7_Mono|Any CPU
		{A0786763-88EC-41DB-9E4F-6DDACA1A1162}.Py2.7_Mono|x64.Build.0 = Py2.7_Mono|Any CPU
		{A0786763-88EC-41DB-9E4F-6DDACA1A1162}.Py2.7_OSX|Any CPU.ActiveCfg = Py2.7_OSX|Any CPU
		{A0786763-88EC-41DB-9E4F-6DDACA1A1162}.Py2.7_OSX|Any CPU.Build.0 = Py2.7_OSX|Any CPU
		{A0786763-88EC-41DB-9E4F-6DDACA1A1162}.Py2.7_OSX|x64.ActiveCfg = Py2.7_OSX|Any CPU
		{A0786763-88EC-41DB-9E4F-6DDACA1A1162}.Py2.7_OSX|x64.Build.0 = Py2.7_OSX|Any CPU
		{A0786763-88EC-41DB-9E4F-6DDACA1A1162}.Py2.7_WIN|Any CPU.ActiveCfg = Py2.7_WIN|Any CPU
		{A0786763-88EC-41DB-9E4F-6DDACA1A1162}.Py2.7_WIN|Any CPU.Build.0 = Py2.7_WIN|Any CPU
		{A0786763-88EC-41DB-9E4F-6DDACA1A1162}.Py2.7_WIN|x64.ActiveCfg = Py2.7_WIN|Any CPU
		{A0786763-88EC-41DB-9E4F-6DDACA1A1162}.Py2.7_WIN|x64.Build.0 = Py2.7_WIN|Any CPU
		{A0786763-88EC-41DB-9E4F-6DDACA1A1162}.Py3.6_Mono|Any CPU.ActiveCfg = Py3.6_Mono|Any CPU
		{A0786763-88EC-41DB-9E4F-6DDACA1A1162}.Py3.6_Mono|Any CPU.Build.0 = Py3.6_Mono|Any CPU
		{A0786763-88EC-41DB-9E4F-6DDACA1A1162}.Py3.6_Mono|x64.ActiveCfg = Py3.6_Mono|Any CPU
		{A0786763-88EC-41DB-9E4F-6DDACA1A1162}.Py3.6_Mono|x64.Build.0 = Py3.6_Mono|Any CPU
		{A0786763-88EC-41DB-9E4F-6DDACA1A1162}.Py3.6_OSX|Any CPU.ActiveCfg = Py3.6_OSX|Any CPU
		{A0786763-88EC-41DB-9E4F-6DDACA1A1162}.Py3.6_OSX|Any CPU.Build.0 = Py3.6_OSX|Any CPU
		{A0786763-88EC-41DB-9E4F-6DDACA1A1162}.Py3.6_OSX|x64.ActiveCfg = Py3.6_OSX|Any CPU
		{A0786763-88EC-41DB-9E4F-6DDACA1A1162}.Py3.6_OSX|x64.Build.0 = Py3.6_OSX|Any CPU
		{A0786763-88EC-41DB-9E4F-6DDACA1A1162}.Py3.6_WIN|Any CPU.ActiveCfg = Py3.6_WIN|Any CPU
		{A0786763-88EC-41DB-9E4F-6DDACA1A1162}.Py3.6_WIN|Any CPU.Build.0 = Py3.6_WIN|Any CPU
		{A0786763-88EC-41DB-9E4F-6DDACA1A1162}.Py3.6_WIN|x64.ActiveCfg = Py3.6_WIN|Any CPU
		{A0786763-88EC-41DB-9E4F-6DDACA1A1162}.Py3.6_WIN|x64.Build.0 = Py3.6_WIN|Any CPU
		{A0786763-88EC-41DB-9E4F-6DDACA1A1162}.Release|Any CPU.ActiveCfg = Release|Any CPU
		{A0786763-88EC-41DB-9E4F-6DDACA1A1162}.Release|Any CPU.Build.0 = Release|Any CPU
		{A0786763-88EC-41DB-9E4F-6DDACA1A1162}.Release|x64.ActiveCfg = Release|Any CPU
		{A0786763-88EC-41DB-9E4F-6DDACA1A1162}.Release|x64.Build.0 = Release|Any CPU
		{EF31BB8C-9D10-496C-AF91-3E6C3641F469}.Debug|Any CPU.ActiveCfg = Debug|Any CPU
		{EF31BB8C-9D10-496C-AF91-3E6C3641F469}.Debug|x64.ActiveCfg = Debug|Any CPU
		{EF31BB8C-9D10-496C-AF91-3E6C3641F469}.Py2.7_Mono|Any CPU.ActiveCfg = Py2.7_Mono|Any CPU
		{EF31BB8C-9D10-496C-AF91-3E6C3641F469}.Py2.7_Mono|Any CPU.Build.0 = Py2.7_Mono|Any CPU
		{EF31BB8C-9D10-496C-AF91-3E6C3641F469}.Py2.7_Mono|x64.ActiveCfg = Py2.7_Mono|Any CPU
		{EF31BB8C-9D10-496C-AF91-3E6C3641F469}.Py2.7_Mono|x64.Build.0 = Py2.7_Mono|Any CPU
		{EF31BB8C-9D10-496C-AF91-3E6C3641F469}.Py2.7_OSX|Any CPU.ActiveCfg = Py2.7_OSX|Any CPU
		{EF31BB8C-9D10-496C-AF91-3E6C3641F469}.Py2.7_OSX|Any CPU.Build.0 = Py2.7_OSX|Any CPU
		{EF31BB8C-9D10-496C-AF91-3E6C3641F469}.Py2.7_OSX|x64.ActiveCfg = Py2.7_OSX|Any CPU
		{EF31BB8C-9D10-496C-AF91-3E6C3641F469}.Py2.7_OSX|x64.Build.0 = Py2.7_OSX|Any CPU
		{EF31BB8C-9D10-496C-AF91-3E6C3641F469}.Py2.7_WIN|Any CPU.ActiveCfg = Py2.7_WIN|Any CPU
		{EF31BB8C-9D10-496C-AF91-3E6C3641F469}.Py2.7_WIN|Any CPU.Build.0 = Py2.7_WIN|Any CPU
		{EF31BB8C-9D10-496C-AF91-3E6C3641F469}.Py2.7_WIN|x64.ActiveCfg = Py2.7_WIN|Any CPU
		{EF31BB8C-9D10-496C-AF91-3E6C3641F469}.Py2.7_WIN|x64.Build.0 = Py2.7_WIN|Any CPU
		{EF31BB8C-9D10-496C-AF91-3E6C3641F469}.Py3.6_Mono|Any CPU.ActiveCfg = Py3.6_Mono|Any CPU
		{EF31BB8C-9D10-496C-AF91-3E6C3641F469}.Py3.6_Mono|Any CPU.Build.0 = Py3.6_Mono|Any CPU
		{EF31BB8C-9D10-496C-AF91-3E6C3641F469}.Py3.6_Mono|x64.ActiveCfg = Py3.6_Mono|Any CPU
		{EF31BB8C-9D10-496C-AF91-3E6C3641F469}.Py3.6_Mono|x64.Build.0 = Py3.6_Mono|Any CPU
		{EF31BB8C-9D10-496C-AF91-3E6C3641F469}.Py3.6_OSX|Any CPU.ActiveCfg = Py3.6_OSX|Any CPU
		{EF31BB8C-9D10-496C-AF91-3E6C3641F469}.Py3.6_OSX|Any CPU.Build.0 = Py3.6_OSX|Any CPU
		{EF31BB8C-9D10-496C-AF91-3E6C3641F469}.Py3.6_OSX|x64.ActiveCfg = Py3.6_OSX|Any CPU
		{EF31BB8C-9D10-496C-AF91-3E6C3641F469}.Py3.6_OSX|x64.Build.0 = Py3.6_OSX|Any CPU
		{EF31BB8C-9D10-496C-AF91-3E6C3641F469}.Py3.6_WIN|Any CPU.ActiveCfg = Py3.6_WIN|Any CPU
		{EF31BB8C-9D10-496C-AF91-3E6C3641F469}.Py3.6_WIN|Any CPU.Build.0 = Py3.6_WIN|Any CPU
		{EF31BB8C-9D10-496C-AF91-3E6C3641F469}.Py3.6_WIN|x64.ActiveCfg = Py3.6_WIN|Any CPU
		{EF31BB8C-9D10-496C-AF91-3E6C3641F469}.Py3.6_WIN|x64.Build.0 = Py3.6_WIN|Any CPU
		{EF31BB8C-9D10-496C-AF91-3E6C3641F469}.Release|Any CPU.ActiveCfg = Release|Any CPU
		{EF31BB8C-9D10-496C-AF91-3E6C3641F469}.Release|x64.ActiveCfg = Release|Any CPU
		{EC18ED5C-A9EC-414F-948C-DD1BC052D312}.Debug|Any CPU.ActiveCfg = Debug|Any CPU
		{EC18ED5C-A9EC-414F-948C-DD1BC052D312}.Debug|Any CPU.Build.0 = Debug|Any CPU
		{EC18ED5C-A9EC-414F-948C-DD1BC052D312}.Debug|x64.ActiveCfg = Debug|x64
		{EC18ED5C-A9EC-414F-948C-DD1BC052D312}.Debug|x64.Build.0 = Debug|x64
		{EC18ED5C-A9EC-414F-948C-DD1BC052D312}.Py2.7_Mono|Any CPU.ActiveCfg = Py2.7_Mono|Any CPU
		{EC18ED5C-A9EC-414F-948C-DD1BC052D312}.Py2.7_Mono|Any CPU.Build.0 = Py2.7_Mono|Any CPU
		{EC18ED5C-A9EC-414F-948C-DD1BC052D312}.Py2.7_Mono|x64.ActiveCfg = Py2.7_Mono|Any CPU
		{EC18ED5C-A9EC-414F-948C-DD1BC052D312}.Py2.7_Mono|x64.Build.0 = Py2.7_Mono|Any CPU
		{EC18ED5C-A9EC-414F-948C-DD1BC052D312}.Py2.7_OSX|Any CPU.ActiveCfg = Py2.7_OSX|Any CPU
		{EC18ED5C-A9EC-414F-948C-DD1BC052D312}.Py2.7_OSX|Any CPU.Build.0 = Py2.7_OSX|Any CPU
		{EC18ED5C-A9EC-414F-948C-DD1BC052D312}.Py2.7_OSX|x64.ActiveCfg = Py2.7_OSX|Any CPU
		{EC18ED5C-A9EC-414F-948C-DD1BC052D312}.Py2.7_OSX|x64.Build.0 = Py2.7_OSX|Any CPU
		{EC18ED5C-A9EC-414F-948C-DD1BC052D312}.Py2.7_WIN|Any CPU.ActiveCfg = Py2.7_WIN|Any CPU
		{EC18ED5C-A9EC-414F-948C-DD1BC052D312}.Py2.7_WIN|Any CPU.Build.0 = Py2.7_WIN|Any CPU
		{EC18ED5C-A9EC-414F-948C-DD1BC052D312}.Py2.7_WIN|x64.ActiveCfg = Py2.7_WIN|Any CPU
		{EC18ED5C-A9EC-414F-948C-DD1BC052D312}.Py2.7_WIN|x64.Build.0 = Py2.7_WIN|Any CPU
		{EC18ED5C-A9EC-414F-948C-DD1BC052D312}.Py3.6_Mono|Any CPU.ActiveCfg = Py3.6_Mono|Any CPU
		{EC18ED5C-A9EC-414F-948C-DD1BC052D312}.Py3.6_Mono|Any CPU.Build.0 = Py3.6_Mono|Any CPU
		{EC18ED5C-A9EC-414F-948C-DD1BC052D312}.Py3.6_Mono|x64.ActiveCfg = Py3.6_Mono|Any CPU
		{EC18ED5C-A9EC-414F-948C-DD1BC052D312}.Py3.6_Mono|x64.Build.0 = Py3.6_Mono|Any CPU
		{EC18ED5C-A9EC-414F-948C-DD1BC052D312}.Py3.6_OSX|Any CPU.ActiveCfg = Py3.6_OSX|Any CPU
		{EC18ED5C-A9EC-414F-948C-DD1BC052D312}.Py3.6_OSX|Any CPU.Build.0 = Py3.6_OSX|Any CPU
		{EC18ED5C-A9EC-414F-948C-DD1BC052D312}.Py3.6_OSX|x64.ActiveCfg = Py3.6_OSX|Any CPU
		{EC18ED5C-A9EC-414F-948C-DD1BC052D312}.Py3.6_OSX|x64.Build.0 = Py3.6_OSX|Any CPU
		{EC18ED5C-A9EC-414F-948C-DD1BC052D312}.Py3.6_WIN|Any CPU.ActiveCfg = Py3.6_WIN|Any CPU
		{EC18ED5C-A9EC-414F-948C-DD1BC052D312}.Py3.6_WIN|Any CPU.Build.0 = Py3.6_WIN|Any CPU
		{EC18ED5C-A9EC-414F-948C-DD1BC052D312}.Py3.6_WIN|x64.ActiveCfg = Py3.6_WIN|Any CPU
		{EC18ED5C-A9EC-414F-948C-DD1BC052D312}.Py3.6_WIN|x64.Build.0 = Py3.6_WIN|Any CPU
		{EC18ED5C-A9EC-414F-948C-DD1BC052D312}.Release|Any CPU.ActiveCfg = Release|Any CPU
		{EC18ED5C-A9EC-414F-948C-DD1BC052D312}.Release|Any CPU.Build.0 = Release|Any CPU
		{EC18ED5C-A9EC-414F-948C-DD1BC052D312}.Release|x64.ActiveCfg = Release|Any CPU
		{EC18ED5C-A9EC-414F-948C-DD1BC052D312}.Release|x64.Build.0 = Release|Any CPU
		{FE785E8B-0DA8-4E42-8A8A-E5B2C4FCC2E4}.Debug|Any CPU.ActiveCfg = Debug|Any CPU
		{FE785E8B-0DA8-4E42-8A8A-E5B2C4FCC2E4}.Debug|Any CPU.Build.0 = Debug|Any CPU
		{FE785E8B-0DA8-4E42-8A8A-E5B2C4FCC2E4}.Debug|x64.ActiveCfg = Debug|x64
		{FE785E8B-0DA8-4E42-8A8A-E5B2C4FCC2E4}.Debug|x64.Build.0 = Debug|x64
		{FE785E8B-0DA8-4E42-8A8A-E5B2C4FCC2E4}.Py2.7_Mono|Any CPU.ActiveCfg = Py2.7_Mono|Any CPU
		{FE785E8B-0DA8-4E42-8A8A-E5B2C4FCC2E4}.Py2.7_Mono|Any CPU.Build.0 = Py2.7_Mono|Any CPU
		{FE785E8B-0DA8-4E42-8A8A-E5B2C4FCC2E4}.Py2.7_Mono|x64.ActiveCfg = Py2.7_Mono|Any CPU
		{FE785E8B-0DA8-4E42-8A8A-E5B2C4FCC2E4}.Py2.7_Mono|x64.Build.0 = Py2.7_Mono|Any CPU
		{FE785E8B-0DA8-4E42-8A8A-E5B2C4FCC2E4}.Py2.7_OSX|Any CPU.ActiveCfg = Py2.7_OSX|Any CPU
		{FE785E8B-0DA8-4E42-8A8A-E5B2C4FCC2E4}.Py2.7_OSX|Any CPU.Build.0 = Py2.7_OSX|Any CPU
		{FE785E8B-0DA8-4E42-8A8A-E5B2C4FCC2E4}.Py2.7_OSX|x64.ActiveCfg = Py2.7_OSX|Any CPU
		{FE785E8B-0DA8-4E42-8A8A-E5B2C4FCC2E4}.Py2.7_OSX|x64.Build.0 = Py2.7_OSX|Any CPU
		{FE785E8B-0DA8-4E42-8A8A-E5B2C4FCC2E4}.Py2.7_WIN|Any CPU.ActiveCfg = Py2.7_WIN|Any CPU
		{FE785E8B-0DA8-4E42-8A8A-E5B2C4FCC2E4}.Py2.7_WIN|Any CPU.Build.0 = Py2.7_WIN|Any CPU
		{FE785E8B-0DA8-4E42-8A8A-E5B2C4FCC2E4}.Py2.7_WIN|x64.ActiveCfg = Py2.7_WIN|Any CPU
		{FE785E8B-0DA8-4E42-8A8A-E5B2C4FCC2E4}.Py2.7_WIN|x64.Build.0 = Py2.7_WIN|Any CPU
		{FE785E8B-0DA8-4E42-8A8A-E5B2C4FCC2E4}.Py3.6_Mono|Any CPU.ActiveCfg = Py3.6_Mono|Any CPU
		{FE785E8B-0DA8-4E42-8A8A-E5B2C4FCC2E4}.Py3.6_Mono|Any CPU.Build.0 = Py3.6_Mono|Any CPU
		{FE785E8B-0DA8-4E42-8A8A-E5B2C4FCC2E4}.Py3.6_Mono|x64.ActiveCfg = Py3.6_Mono|Any CPU
		{FE785E8B-0DA8-4E42-8A8A-E5B2C4FCC2E4}.Py3.6_Mono|x64.Build.0 = Py3.6_Mono|Any CPU
		{FE785E8B-0DA8-4E42-8A8A-E5B2C4FCC2E4}.Py3.6_OSX|Any CPU.ActiveCfg = Py3.6_OSX|Any CPU
		{FE785E8B-0DA8-4E42-8A8A-E5B2C4FCC2E4}.Py3.6_OSX|Any CPU.Build.0 = Py3.6_OSX|Any CPU
		{FE785E8B-0DA8-4E42-8A8A-E5B2C4FCC2E4}.Py3.6_OSX|x64.ActiveCfg = Py3.6_OSX|Any CPU
		{FE785E8B-0DA8-4E42-8A8A-E5B2C4FCC2E4}.Py3.6_OSX|x64.Build.0 = Py3.6_OSX|Any CPU
		{FE785E8B-0DA8-4E42-8A8A-E5B2C4FCC2E4}.Py3.6_WIN|Any CPU.ActiveCfg = Py3.6_WIN|Any CPU
		{FE785E8B-0DA8-4E42-8A8A-E5B2C4FCC2E4}.Py3.6_WIN|Any CPU.Build.0 = Py3.6_WIN|Any CPU
		{FE785E8B-0DA8-4E42-8A8A-E5B2C4FCC2E4}.Py3.6_WIN|x64.ActiveCfg = Py3.6_WIN|Any CPU
		{FE785E8B-0DA8-4E42-8A8A-E5B2C4FCC2E4}.Py3.6_WIN|x64.Build.0 = Py3.6_WIN|Any CPU
		{FE785E8B-0DA8-4E42-8A8A-E5B2C4FCC2E4}.Release|Any CPU.ActiveCfg = Release|Any CPU
		{FE785E8B-0DA8-4E42-8A8A-E5B2C4FCC2E4}.Release|Any CPU.Build.0 = Release|Any CPU
		{FE785E8B-0DA8-4E42-8A8A-E5B2C4FCC2E4}.Release|x64.ActiveCfg = Release|Any CPU
		{FE785E8B-0DA8-4E42-8A8A-E5B2C4FCC2E4}.Release|x64.Build.0 = Release|Any CPU
		{7F906C3D-4C18-4185-8235-4908FC082398}.Debug|Any CPU.ActiveCfg = Debug|Any CPU
		{7F906C3D-4C18-4185-8235-4908FC082398}.Debug|Any CPU.Build.0 = Debug|Any CPU
		{7F906C3D-4C18-4185-8235-4908FC082398}.Debug|x64.ActiveCfg = Debug|x64
		{7F906C3D-4C18-4185-8235-4908FC082398}.Debug|x64.Build.0 = Debug|x64
		{7F906C3D-4C18-4185-8235-4908FC082398}.Py2.7_Mono|Any CPU.ActiveCfg = Py2.7_Mono|Any CPU
		{7F906C3D-4C18-4185-8235-4908FC082398}.Py2.7_Mono|Any CPU.Build.0 = Py2.7_Mono|Any CPU
		{7F906C3D-4C18-4185-8235-4908FC082398}.Py2.7_Mono|x64.ActiveCfg = Py2.7_Mono|Any CPU
		{7F906C3D-4C18-4185-8235-4908FC082398}.Py2.7_Mono|x64.Build.0 = Py2.7_Mono|Any CPU
		{7F906C3D-4C18-4185-8235-4908FC082398}.Py2.7_OSX|Any CPU.ActiveCfg = Py2.7_OSX|Any CPU
		{7F906C3D-4C18-4185-8235-4908FC082398}.Py2.7_OSX|Any CPU.Build.0 = Py2.7_OSX|Any CPU
		{7F906C3D-4C18-4185-8235-4908FC082398}.Py2.7_OSX|x64.ActiveCfg = Py2.7_OSX|Any CPU
		{7F906C3D-4C18-4185-8235-4908FC082398}.Py2.7_OSX|x64.Build.0 = Py2.7_OSX|Any CPU
		{7F906C3D-4C18-4185-8235-4908FC082398}.Py2.7_WIN|Any CPU.ActiveCfg = Py2.7_WIN|Any CPU
		{7F906C3D-4C18-4185-8235-4908FC082398}.Py2.7_WIN|Any CPU.Build.0 = Py2.7_WIN|Any CPU
		{7F906C3D-4C18-4185-8235-4908FC082398}.Py2.7_WIN|x64.ActiveCfg = Py2.7_WIN|Any CPU
		{7F906C3D-4C18-4185-8235-4908FC082398}.Py2.7_WIN|x64.Build.0 = Py2.7_WIN|Any CPU
		{7F906C3D-4C18-4185-8235-4908FC082398}.Py3.6_Mono|Any CPU.ActiveCfg = Py3.6_Mono|Any CPU
		{7F906C3D-4C18-4185-8235-4908FC082398}.Py3.6_Mono|Any CPU.Build.0 = Py3.6_Mono|Any CPU
		{7F906C3D-4C18-4185-8235-4908FC082398}.Py3.6_Mono|x64.ActiveCfg = Py3.6_Mono|Any CPU
		{7F906C3D-4C18-4185-8235-4908FC082398}.Py3.6_Mono|x64.Build.0 = Py3.6_Mono|Any CPU
		{7F906C3D-4C18-4185-8235-4908FC082398}.Py3.6_OSX|Any CPU.ActiveCfg = Py3.6_OSX|Any CPU
		{7F906C3D-4C18-4185-8235-4908FC082398}.Py3.6_OSX|Any CPU.Build.0 = Py3.6_OSX|Any CPU
		{7F906C3D-4C18-4185-8235-4908FC082398}.Py3.6_OSX|x64.ActiveCfg = Py3.6_OSX|Any CPU
		{7F906C3D-4C18-4185-8235-4908FC082398}.Py3.6_OSX|x64.Build.0 = Py3.6_OSX|Any CPU
		{7F906C3D-4C18-4185-8235-4908FC082398}.Py3.6_WIN|Any CPU.ActiveCfg = Py3.6_WIN|Any CPU
		{7F906C3D-4C18-4185-8235-4908FC082398}.Py3.6_WIN|Any CPU.Build.0 = Py3.6_WIN|Any CPU
		{7F906C3D-4C18-4185-8235-4908FC082398}.Py3.6_WIN|x64.ActiveCfg = Py3.6_WIN|Any CPU
		{7F906C3D-4C18-4185-8235-4908FC082398}.Py3.6_WIN|x64.Build.0 = Py3.6_WIN|Any CPU
		{7F906C3D-4C18-4185-8235-4908FC082398}.Release|Any CPU.ActiveCfg = Release|Any CPU
		{7F906C3D-4C18-4185-8235-4908FC082398}.Release|Any CPU.Build.0 = Release|Any CPU
		{7F906C3D-4C18-4185-8235-4908FC082398}.Release|x64.ActiveCfg = Release|Any CPU
		{7F906C3D-4C18-4185-8235-4908FC082398}.Release|x64.Build.0 = Release|Any CPU
		{BA3012C1-D49A-4520-A7FB-D033DA9E63ED}.Debug|Any CPU.ActiveCfg = Debug|Any CPU
		{BA3012C1-D49A-4520-A7FB-D033DA9E63ED}.Debug|Any CPU.Build.0 = Debug|Any CPU
		{BA3012C1-D49A-4520-A7FB-D033DA9E63ED}.Debug|x64.ActiveCfg = Debug|x64
		{BA3012C1-D49A-4520-A7FB-D033DA9E63ED}.Debug|x64.Build.0 = Debug|x64
		{BA3012C1-D49A-4520-A7FB-D033DA9E63ED}.Py2.7_Mono|Any CPU.ActiveCfg = Py2.7_Mono|Any CPU
		{BA3012C1-D49A-4520-A7FB-D033DA9E63ED}.Py2.7_Mono|x64.ActiveCfg = Py2.7_Mono|Any CPU
		{BA3012C1-D49A-4520-A7FB-D033DA9E63ED}.Py2.7_OSX|Any CPU.ActiveCfg = Py2.7_OSX|Any CPU
		{BA3012C1-D49A-4520-A7FB-D033DA9E63ED}.Py2.7_OSX|x64.ActiveCfg = Py2.7_OSX|Any CPU
		{BA3012C1-D49A-4520-A7FB-D033DA9E63ED}.Py2.7_WIN|Any CPU.ActiveCfg = Py2.7_WIN|Any CPU
		{BA3012C1-D49A-4520-A7FB-D033DA9E63ED}.Py2.7_WIN|x64.ActiveCfg = Py2.7_WIN|Any CPU
		{BA3012C1-D49A-4520-A7FB-D033DA9E63ED}.Py3.6_Mono|Any CPU.ActiveCfg = Py3.6_Mono|Any CPU
		{BA3012C1-D49A-4520-A7FB-D033DA9E63ED}.Py3.6_Mono|x64.ActiveCfg = Py3.6_Mono|Any CPU
		{BA3012C1-D49A-4520-A7FB-D033DA9E63ED}.Py3.6_OSX|Any CPU.ActiveCfg = Py3.6_OSX|Any CPU
		{BA3012C1-D49A-4520-A7FB-D033DA9E63ED}.Py3.6_OSX|x64.ActiveCfg = Py3.6_OSX|Any CPU
		{BA3012C1-D49A-4520-A7FB-D033DA9E63ED}.Py3.6_WIN|Any CPU.ActiveCfg = Py3.6_WIN|Any CPU
		{BA3012C1-D49A-4520-A7FB-D033DA9E63ED}.Py3.6_WIN|Any CPU.Build.0 = Py3.6_WIN|Any CPU
		{BA3012C1-D49A-4520-A7FB-D033DA9E63ED}.Py3.6_WIN|x64.ActiveCfg = Py3.6_WIN|Any CPU
		{BA3012C1-D49A-4520-A7FB-D033DA9E63ED}.Py3.6_WIN|x64.Build.0 = Py3.6_WIN|Any CPU
		{BA3012C1-D49A-4520-A7FB-D033DA9E63ED}.Release|Any CPU.ActiveCfg = Release|Any CPU
		{BA3012C1-D49A-4520-A7FB-D033DA9E63ED}.Release|Any CPU.Build.0 = Release|Any CPU
		{BA3012C1-D49A-4520-A7FB-D033DA9E63ED}.Release|x64.ActiveCfg = Release|Any CPU
		{BA3012C1-D49A-4520-A7FB-D033DA9E63ED}.Release|x64.Build.0 = Release|Any CPU
		{2BAEA60C-88A2-45DC-8044-2C9571E1B8CF}.Debug|Any CPU.ActiveCfg = Debug|Any CPU
		{2BAEA60C-88A2-45DC-8044-2C9571E1B8CF}.Debug|Any CPU.Build.0 = Debug|Any CPU
		{2BAEA60C-88A2-45DC-8044-2C9571E1B8CF}.Debug|x64.ActiveCfg = Debug|x64
		{2BAEA60C-88A2-45DC-8044-2C9571E1B8CF}.Debug|x64.Build.0 = Debug|x64
		{2BAEA60C-88A2-45DC-8044-2C9571E1B8CF}.Py2.7_Mono|Any CPU.ActiveCfg = Release|Any CPU
		{2BAEA60C-88A2-45DC-8044-2C9571E1B8CF}.Py2.7_Mono|Any CPU.Build.0 = Release|Any CPU
		{2BAEA60C-88A2-45DC-8044-2C9571E1B8CF}.Py2.7_Mono|x64.ActiveCfg = Release|Any CPU
		{2BAEA60C-88A2-45DC-8044-2C9571E1B8CF}.Py2.7_Mono|x64.Build.0 = Release|Any CPU
		{2BAEA60C-88A2-45DC-8044-2C9571E1B8CF}.Py2.7_OSX|Any CPU.ActiveCfg = Release|Any CPU
		{2BAEA60C-88A2-45DC-8044-2C9571E1B8CF}.Py2.7_OSX|Any CPU.Build.0 = Release|Any CPU
		{2BAEA60C-88A2-45DC-8044-2C9571E1B8CF}.Py2.7_OSX|x64.ActiveCfg = Release|Any CPU
		{2BAEA60C-88A2-45DC-8044-2C9571E1B8CF}.Py2.7_OSX|x64.Build.0 = Release|Any CPU
		{2BAEA60C-88A2-45DC-8044-2C9571E1B8CF}.Py2.7_WIN|Any CPU.ActiveCfg = Release|Any CPU
		{2BAEA60C-88A2-45DC-8044-2C9571E1B8CF}.Py2.7_WIN|Any CPU.Build.0 = Release|Any CPU
		{2BAEA60C-88A2-45DC-8044-2C9571E1B8CF}.Py2.7_WIN|x64.ActiveCfg = Release|Any CPU
		{2BAEA60C-88A2-45DC-8044-2C9571E1B8CF}.Py2.7_WIN|x64.Build.0 = Release|Any CPU
		{2BAEA60C-88A2-45DC-8044-2C9571E1B8CF}.Py3.6_Mono|Any CPU.ActiveCfg = Release|Any CPU
		{2BAEA60C-88A2-45DC-8044-2C9571E1B8CF}.Py3.6_Mono|Any CPU.Build.0 = Release|Any CPU
		{2BAEA60C-88A2-45DC-8044-2C9571E1B8CF}.Py3.6_Mono|x64.ActiveCfg = Release|Any CPU
		{2BAEA60C-88A2-45DC-8044-2C9571E1B8CF}.Py3.6_Mono|x64.Build.0 = Release|Any CPU
		{2BAEA60C-88A2-45DC-8044-2C9571E1B8CF}.Py3.6_OSX|Any CPU.ActiveCfg = Release|Any CPU
		{2BAEA60C-88A2-45DC-8044-2C9571E1B8CF}.Py3.6_OSX|Any CPU.Build.0 = Release|Any CPU
		{2BAEA60C-88A2-45DC-8044-2C9571E1B8CF}.Py3.6_OSX|x64.ActiveCfg = Release|Any CPU
		{2BAEA60C-88A2-45DC-8044-2C9571E1B8CF}.Py3.6_OSX|x64.Build.0 = Release|Any CPU
		{2BAEA60C-88A2-45DC-8044-2C9571E1B8CF}.Py3.6_WIN|Any CPU.ActiveCfg = Release|Any CPU
		{2BAEA60C-88A2-45DC-8044-2C9571E1B8CF}.Py3.6_WIN|Any CPU.Build.0 = Release|Any CPU
		{2BAEA60C-88A2-45DC-8044-2C9571E1B8CF}.Py3.6_WIN|x64.ActiveCfg = Release|Any CPU
		{2BAEA60C-88A2-45DC-8044-2C9571E1B8CF}.Py3.6_WIN|x64.Build.0 = Release|Any CPU
		{2BAEA60C-88A2-45DC-8044-2C9571E1B8CF}.Release|Any CPU.ActiveCfg = Release|Any CPU
		{2BAEA60C-88A2-45DC-8044-2C9571E1B8CF}.Release|Any CPU.Build.0 = Release|Any CPU
		{2BAEA60C-88A2-45DC-8044-2C9571E1B8CF}.Release|x64.ActiveCfg = Release|Any CPU
		{2BAEA60C-88A2-45DC-8044-2C9571E1B8CF}.Release|x64.Build.0 = Release|Any CPU
		{0C0B0830-4871-4979-8675-93F980F5EBE2}.Debug|Any CPU.ActiveCfg = Debug|Any CPU
		{0C0B0830-4871-4979-8675-93F980F5EBE2}.Debug|Any CPU.Build.0 = Debug|Any CPU
		{0C0B0830-4871-4979-8675-93F980F5EBE2}.Debug|x64.ActiveCfg = Debug|Any CPU
		{0C0B0830-4871-4979-8675-93F980F5EBE2}.Debug|x64.Build.0 = Debug|Any CPU
		{0C0B0830-4871-4979-8675-93F980F5EBE2}.Py2.7_Mono|Any CPU.ActiveCfg = Release|Any CPU
		{0C0B0830-4871-4979-8675-93F980F5EBE2}.Py2.7_Mono|Any CPU.Build.0 = Release|Any CPU
		{0C0B0830-4871-4979-8675-93F980F5EBE2}.Py2.7_Mono|x64.ActiveCfg = Release|Any CPU
		{0C0B0830-4871-4979-8675-93F980F5EBE2}.Py2.7_Mono|x64.Build.0 = Release|Any CPU
		{0C0B0830-4871-4979-8675-93F980F5EBE2}.Py2.7_OSX|Any CPU.ActiveCfg = Release|Any CPU
		{0C0B0830-4871-4979-8675-93F980F5EBE2}.Py2.7_OSX|Any CPU.Build.0 = Release|Any CPU
		{0C0B0830-4871-4979-8675-93F980F5EBE2}.Py2.7_OSX|x64.ActiveCfg = Release|Any CPU
		{0C0B0830-4871-4979-8675-93F980F5EBE2}.Py2.7_OSX|x64.Build.0 = Release|Any CPU
		{0C0B0830-4871-4979-8675-93F980F5EBE2}.Py2.7_WIN|Any CPU.ActiveCfg = Release|Any CPU
		{0C0B0830-4871-4979-8675-93F980F5EBE2}.Py2.7_WIN|Any CPU.Build.0 = Release|Any CPU
		{0C0B0830-4871-4979-8675-93F980F5EBE2}.Py2.7_WIN|x64.ActiveCfg = Release|Any CPU
		{0C0B0830-4871-4979-8675-93F980F5EBE2}.Py2.7_WIN|x64.Build.0 = Release|Any CPU
		{0C0B0830-4871-4979-8675-93F980F5EBE2}.Py3.6_Mono|Any CPU.ActiveCfg = Release|Any CPU
		{0C0B0830-4871-4979-8675-93F980F5EBE2}.Py3.6_Mono|Any CPU.Build.0 = Release|Any CPU
		{0C0B0830-4871-4979-8675-93F980F5EBE2}.Py3.6_Mono|x64.ActiveCfg = Release|Any CPU
		{0C0B0830-4871-4979-8675-93F980F5EBE2}.Py3.6_Mono|x64.Build.0 = Release|Any CPU
		{0C0B0830-4871-4979-8675-93F980F5EBE2}.Py3.6_OSX|Any CPU.ActiveCfg = Release|Any CPU
		{0C0B0830-4871-4979-8675-93F980F5EBE2}.Py3.6_OSX|Any CPU.Build.0 = Release|Any CPU
		{0C0B0830-4871-4979-8675-93F980F5EBE2}.Py3.6_OSX|x64.ActiveCfg = Release|Any CPU
		{0C0B0830-4871-4979-8675-93F980F5EBE2}.Py3.6_OSX|x64.Build.0 = Release|Any CPU
		{0C0B0830-4871-4979-8675-93F980F5EBE2}.Py3.6_WIN|Any CPU.ActiveCfg = Release|Any CPU
		{0C0B0830-4871-4979-8675-93F980F5EBE2}.Py3.6_WIN|Any CPU.Build.0 = Release|Any CPU
		{0C0B0830-4871-4979-8675-93F980F5EBE2}.Py3.6_WIN|x64.ActiveCfg = Release|Any CPU
		{0C0B0830-4871-4979-8675-93F980F5EBE2}.Py3.6_WIN|x64.Build.0 = Release|Any CPU
		{0C0B0830-4871-4979-8675-93F980F5EBE2}.Release|Any CPU.ActiveCfg = Release|Any CPU
		{0C0B0830-4871-4979-8675-93F980F5EBE2}.Release|Any CPU.Build.0 = Release|Any CPU
		{0C0B0830-4871-4979-8675-93F980F5EBE2}.Release|x64.ActiveCfg = Release|Any CPU
		{0C0B0830-4871-4979-8675-93F980F5EBE2}.Release|x64.Build.0 = Release|Any CPU
	EndGlobalSection
	GlobalSection(SolutionProperties) = preSolution
		HideSolutionNode = FALSE
	EndGlobalSection
	GlobalSection(NestedProjects) = preSolution
		{A0786763-88EC-41DB-9E4F-6DDACA1A1162} = {96B07D94-46E0-4A1C-9484-E842B47FFE04}
		{EC18ED5C-A9EC-414F-948C-DD1BC052D312} = {96B07D94-46E0-4A1C-9484-E842B47FFE04}
		{FE785E8B-0DA8-4E42-8A8A-E5B2C4FCC2E4} = {96B07D94-46E0-4A1C-9484-E842B47FFE04}
		{7F906C3D-4C18-4185-8235-4908FC082398} = {96B07D94-46E0-4A1C-9484-E842B47FFE04}
		{0C0B0830-4871-4979-8675-93F980F5EBE2} = {96B07D94-46E0-4A1C-9484-E842B47FFE04}
	EndGlobalSection
	GlobalSection(ExtensibilityGlobals) = postSolution
		SolutionGuid = {DE90F72D-AF3C-47FD-A5C8-297A1CB0434B}
	EndGlobalSection
EndGlobal
